# THIS IS AN AUTOGENERATED FILE. DO NOT EDIT THIS FILE DIRECTLY.
# yarn lockfile v1


coding-course-api@^0.1.2:
  version "0.1.2"
  resolved "https://registry.yarnpkg.com/coding-course-api/-/coding-course-api-0.1.2.tgz#3300120e8bffefb47eb84fe9de0d7066ff42611a"
  integrity sha512-wwrBalno9mEIS35qFA0ehwpvQG4Yuysc7PSYGw3X7oP6Nnk6xQ0ZDKtHtUk+gwWT73ye8ljaTa/RtAtMA+9XLA==

saoviet-caculator-module@^0.1.1:
  version "0.1.1"
  resolved "https://registry.yarnpkg.com/saoviet-caculator-module/-/saoviet-caculator-module-0.1.1.tgz#0ea7db7ba662f7a24c90759efd1ac3d61ca7ef8a"
  integrity sha512-bf0GnXYJVLSjj1T9GJEyoUNus8/wVCGDQdgvynHK2tIT4H+n5ZauyTxb4EpYAW9Pfg+Lrwj/oTYBahWM1kDtpw==

saoviet-caculator@^0.1.2:
  version "0.1.2"
  resolved "https://registry.yarnpkg.com/saoviet-caculator/-/saoviet-caculator-0.1.2.tgz#f4bff1ec9453bdea7c636789f00f96ae3e063754"
  integrity sha512-JdvMgCZPhDgy0gnGpPDaYpWpjAdOZWlS40gLnCB1jqf0IXjLGODVoxdYMhbDctB3JJLooU8MLkCPc8derPq1LQ==
